
Microsoft Visual Studio Solution File, Format Version 12.00
# Visual Studio Version 17
VisualStudioVersion = 17.8.34330.188
MinimumVisualStudioVersion = 10.0.40219.1
Project("{FAE04EC0-301F-11D3-BF4B-00C04F79EFBC}") = "Project MVC", "Project MVC\Project MVC.csproj", "{F9594074-7E6E-4D97-897D-31F8C2997379}"
EndProject
Global
	GlobalSection(SolutionConfigurationPlatforms) = preSolution
		Debug|Any CPU = Debug|Any CPU
		Release|Any CPU = Release|Any CPU
	EndGlobalSection
	GlobalSection(ProjectConfigurationPlatforms) = postSolution
		{F9594074-7E6E-4D97-897D-31F8C2997379}.Debug|Any CPU.ActiveCfg = Debug|Any CPU
		{F9594074-7E6E-4D97-897D-31F8C2997379}.Debug|Any CPU.Build.0 = Debug|Any CPU
		{F9594074-7E6E-4D97-897D-31F8C2997379}.Release|Any CPU.ActiveCfg = Release|Any CPU
		{F9594074-7E6E-4D97-897D-31F8C2997379}.Release|Any CPU.Build.0 = Release|Any CPU
	EndGlobalSection
	GlobalSection(SolutionProperties) = preSolution
		HideSolutionNode = FALSE
	EndGlobalSection
	GlobalSection(ExtensibilityGlobals) = postSolution
		SolutionGuid = {B35207E5-DD22-491E-98CA-0524529CA488}
	EndGlobalSection
EndGlobal
